
Microsoft Visual Studio Solution File, Format Version 12.00
# Visual Studio Version 16
VisualStudioVersion = 16.0.29609.76
MinimumVisualStudioVersion = 15.0.26124.0
Project("{9A19103F-16F7-4668-BE54-9A1E7A4F7556}") = "FreeSql.DynamicProxy", "FreeSql.DynamicProxy\FreeSql.DynamicProxy.csproj", "{57D0CFD1-AAC1-49A2-B9F3-2589287519FB}"
EndProject
Project("{2150E333-8FDC-42A3-9474-1A3956D46DE8}") = "Docs", "Docs", "{B8827791-B82B-496C-BF4F-810E392144EF}"
	ProjectSection(SolutionItems) = preProject
		readme.md = readme.md
	EndProjectSection
EndProject
Project("{2150E333-8FDC-42A3-9474-1A3956D46DE8}") = "Examples", "Examples", "{958E3352-3A12-4A60-BAE9-A4381B1889D8}"
EndProject
Project("{9A19103F-16F7-4668-BE54-9A1E7A4F7556}") = "QuickStart", "Examples\QuickStart\QuickStart.csproj", "{EA5E7F3D-DAE9-4527-8225-5DEDB367B2C8}"
EndProject
Project("{9A19103F-16F7-4668-BE54-9A1E7A4F7556}") = "Examples1", "Examples1\Examples1.csproj", "{60466E61-7C6C-4574-A360-32F2E3E3E93E}"
EndProject
Project("{9A19103F-16F7-4668-BE54-9A1E7A4F7556}") = "AspNetCore31", "AspNetCore31\AspNetCore31.csproj", "{DAC97776-9CC5-4384-B908-25DAB6CA50C6}"
EndProject
Project("{9A19103F-16F7-4668-BE54-9A1E7A4F7556}") = "AspNetCore50", "AspNetCore50\AspNetCore50.csproj", "{BE0FDD9D-17A6-439B-AAD1-376BCB09920E}"
EndProject
Global
	GlobalSection(SolutionConfigurationPlatforms) = preSolution
		Debug|Any CPU = Debug|Any CPU
		Debug|x64 = Debug|x64
		Debug|x86 = Debug|x86
		Release|Any CPU = Release|Any CPU
		Release|x64 = Release|x64
		Release|x86 = Release|x86
	EndGlobalSection
	GlobalSection(ProjectConfigurationPlatforms) = postSolution
		{57D0CFD1-AAC1-49A2-B9F3-2589287519FB}.Debug|Any CPU.ActiveCfg = Debug|Any CPU
		{57D0CFD1-AAC1-49A2-B9F3-2589287519FB}.Debug|Any CPU.Build.0 = Debug|Any CPU
		{57D0CFD1-AAC1-49A2-B9F3-2589287519FB}.Debug|x64.ActiveCfg = Debug|Any CPU
		{57D0CFD1-AAC1-49A2-B9F3-2589287519FB}.Debug|x64.Build.0 = Debug|Any CPU
		{57D0CFD1-AAC1-49A2-B9F3-2589287519FB}.Debug|x86.ActiveCfg = Debug|Any CPU
		{57D0CFD1-AAC1-49A2-B9F3-2589287519FB}.Debug|x86.Build.0 = Debug|Any CPU
		{57D0CFD1-AAC1-49A2-B9F3-2589287519FB}.Release|Any CPU.ActiveCfg = Release|Any CPU
		{57D0CFD1-AAC1-49A2-B9F3-2589287519FB}.Release|Any CPU.Build.0 = Release|Any CPU
		{57D0CFD1-AAC1-49A2-B9F3-2589287519FB}.Release|x64.ActiveCfg = Release|Any CPU
		{57D0CFD1-AAC1-49A2-B9F3-2589287519FB}.Release|x64.Build.0 = Release|Any CPU
		{57D0CFD1-AAC1-49A2-B9F3-2589287519FB}.Release|x86.ActiveCfg = Release|Any CPU
		{57D0CFD1-AAC1-49A2-B9F3-2589287519FB}.Release|x86.Build.0 = Release|Any CPU
		{EA5E7F3D-DAE9-4527-8225-5DEDB367B2C8}.Debug|Any CPU.ActiveCfg = Debug|Any CPU
		{EA5E7F3D-DAE9-4527-8225-5DEDB367B2C8}.Debug|Any CPU.Build.0 = Debug|Any CPU
		{EA5E7F3D-DAE9-4527-8225-5DEDB367B2C8}.Debug|x64.ActiveCfg = Debug|Any CPU
		{EA5E7F3D-DAE9-4527-8225-5DEDB367B2C8}.Debug|x64.Build.0 = Debug|Any CPU
		{EA5E7F3D-DAE9-4527-8225-5DEDB367B2C8}.Debug|x86.ActiveCfg = Debug|Any CPU
		{EA5E7F3D-DAE9-4527-8225-5DEDB367B2C8}.Debug|x86.Build.0 = Debug|Any CPU
		{EA5E7F3D-DAE9-4527-8225-5DEDB367B2C8}.Release|Any CPU.ActiveCfg = Release|Any CPU
		{EA5E7F3D-DAE9-4527-8225-5DEDB367B2C8}.Release|Any CPU.Build.0 = Release|Any CPU
		{EA5E7F3D-DAE9-4527-8225-5DEDB367B2C8}.Release|x64.ActiveCfg = Release|Any CPU
		{EA5E7F3D-DAE9-4527-8225-5DEDB367B2C8}.Release|x64.Build.0 = Release|Any CPU
		{EA5E7F3D-DAE9-4527-8225-5DEDB367B2C8}.Release|x86.ActiveCfg = Release|Any CPU
		{EA5E7F3D-DAE9-4527-8225-5DEDB367B2C8}.Release|x86.Build.0 = Release|Any CPU
		{60466E61-7C6C-4574-A360-32F2E3E3E93E}.Debug|Any CPU.ActiveCfg = Debug|Any CPU
		{60466E61-7C6C-4574-A360-32F2E3E3E93E}.Debug|Any CPU.Build.0 = Debug|Any CPU
		{60466E61-7C6C-4574-A360-32F2E3E3E93E}.Debug|x64.ActiveCfg = Debug|Any CPU
		{60466E61-7C6C-4574-A360-32F2E3E3E93E}.Debug|x64.Build.0 = Debug|Any CPU
		{60466E61-7C6C-4574-A360-32F2E3E3E93E}.Debug|x86.ActiveCfg = Debug|Any CPU
		{60466E61-7C6C-4574-A360-32F2E3E3E93E}.Debug|x86.Build.0 = Debug|Any CPU
		{60466E61-7C6C-4574-A360-32F2E3E3E93E}.Release|Any CPU.ActiveCfg = Release|Any CPU
		{60466E61-7C6C-4574-A360-32F2E3E3E93E}.Release|Any CPU.Build.0 = Release|Any CPU
		{60466E61-7C6C-4574-A360-32F2E3E3E93E}.Release|x64.ActiveCfg = Release|Any CPU
		{60466E61-7C6C-4574-A360-32F2E3E3E93E}.Release|x64.Build.0 = Release|Any CPU
		{60466E61-7C6C-4574-A360-32F2E3E3E93E}.Release|x86.ActiveCfg = Release|Any CPU
		{60466E61-7C6C-4574-A360-32F2E3E3E93E}.Release|x86.Build.0 = Release|Any CPU
		{DAC97776-9CC5-4384-B908-25DAB6CA50C6}.Debug|Any CPU.ActiveCfg = Debug|Any CPU
		{DAC97776-9CC5-4384-B908-25DAB6CA50C6}.Debug|Any CPU.Build.0 = Debug|Any CPU
		{DAC97776-9CC5-4384-B908-25DAB6CA50C6}.Debug|x64.ActiveCfg = Debug|Any CPU
		{DAC97776-9CC5-4384-B908-25DAB6CA50C6}.Debug|x64.Build.0 = Debug|Any CPU
		{DAC97776-9CC5-4384-B908-25DAB6CA50C6}.Debug|x86.ActiveCfg = Debug|Any CPU
		{DAC97776-9CC5-4384-B908-25DAB6CA50C6}.Debug|x86.Build.0 = Debug|Any CPU
		{DAC97776-9CC5-4384-B908-25DAB6CA50C6}.Release|Any CPU.ActiveCfg = Release|Any CPU
		{DAC97776-9CC5-4384-B908-25DAB6CA50C6}.Release|Any CPU.Build.0 = Release|Any CPU
		{DAC97776-9CC5-4384-B908-25DAB6CA50C6}.Release|x64.ActiveCfg = Release|Any CPU
		{DAC97776-9CC5-4384-B908-25DAB6CA50C6}.Release|x64.Build.0 = Release|Any CPU
		{DAC97776-9CC5-4384-B908-25DAB6CA50C6}.Release|x86.ActiveCfg = Release|Any CPU
		{DAC97776-9CC5-4384-B908-25DAB6CA50C6}.Release|x86.Build.0 = Release|Any CPU
		{BE0FDD9D-17A6-439B-AAD1-376BCB09920E}.Debug|Any CPU.ActiveCfg = Debug|Any CPU
		{BE0FDD9D-17A6-439B-AAD1-376BCB09920E}.Debug|Any CPU.Build.0 = Debug|Any CPU
		{BE0FDD9D-17A6-439B-AAD1-376BCB09920E}.Debug|x64.ActiveCfg = Debug|Any CPU
		{BE0FDD9D-17A6-439B-AAD1-376BCB09920E}.Debug|x64.Build.0 = Debug|Any CPU
		{BE0FDD9D-17A6-439B-AAD1-376BCB09920E}.Debug|x86.ActiveCfg = Debug|Any CPU
		{BE0FDD9D-17A6-439B-AAD1-376BCB09920E}.Debug|x86.Build.0 = Debug|Any CPU
		{BE0FDD9D-17A6-439B-AAD1-376BCB09920E}.Release|Any CPU.ActiveCfg = Release|Any CPU
		{BE0FDD9D-17A6-439B-AAD1-376BCB09920E}.Release|Any CPU.Build.0 = Release|Any CPU
		{BE0FDD9D-17A6-439B-AAD1-376BCB09920E}.Release|x64.ActiveCfg = Release|Any CPU
		{BE0FDD9D-17A6-439B-AAD1-376BCB09920E}.Release|x64.Build.0 = Release|Any CPU
		{BE0FDD9D-17A6-439B-AAD1-376BCB09920E}.Release|x86.ActiveCfg = Release|Any CPU
		{BE0FDD9D-17A6-439B-AAD1-376BCB09920E}.Release|x86.Build.0 = Release|Any CPU
	EndGlobalSection
	GlobalSection(SolutionProperties) = preSolution
		HideSolutionNode = FALSE
	EndGlobalSection
	GlobalSection(NestedProjects) = preSolution
		{EA5E7F3D-DAE9-4527-8225-5DEDB367B2C8} = {958E3352-3A12-4A60-BAE9-A4381B1889D8}
		{60466E61-7C6C-4574-A360-32F2E3E3E93E} = {958E3352-3A12-4A60-BAE9-A4381B1889D8}
		{DAC97776-9CC5-4384-B908-25DAB6CA50C6} = {958E3352-3A12-4A60-BAE9-A4381B1889D8}
		{BE0FDD9D-17A6-439B-AAD1-376BCB09920E} = {958E3352-3A12-4A60-BAE9-A4381B1889D8}
	EndGlobalSection
	GlobalSection(ExtensibilityGlobals) = postSolution
		SolutionGuid = {AE166CB9-2D6A-4C68-9A92-72CAA6A8665A}
	EndGlobalSection
EndGlobal
